
Microsoft Visual Studio Solution File, Format Version 12.00
# Visual Studio 15
VisualStudioVersion = 15.0.28307.2092
MinimumVisualStudioVersion = 10.0.40219.1
Project("{FAE04EC0-301F-11D3-BF4B-00C04F79EFBC}") = "BasicMatths", "BasicMatths.csproj", "{57FA8DA2-554C-401E-8993-5C8A0D1BFEFC}"
EndProject
Project("{FAE04EC0-301F-11D3-BF4B-00C04F79EFBC}") = "UnitTestProject2", "..\UnitTestProject2\UnitTestProject2.csproj", "{1E87167B-3C0E-4BA8-8B04-A98AC538A5CB}"
EndProject
Global
	GlobalSection(SolutionConfigurationPlatforms) = preSolution
		Debug|Any CPU = Debug|Any CPU
		Release|Any CPU = Release|Any CPU
	EndGlobalSection
	GlobalSection(ProjectConfigurationPlatforms) = postSolution
		{57FA8DA2-554C-401E-8993-5C8A0D1BFEFC}.Debug|Any CPU.ActiveCfg = Debug|Any CPU
		{57FA8DA2-554C-401E-8993-5C8A0D1BFEFC}.Debug|Any CPU.Build.0 = Debug|Any CPU
		{57FA8DA2-554C-401E-8993-5C8A0D1BFEFC}.Release|Any CPU.ActiveCfg = Release|Any CPU
		{57FA8DA2-554C-401E-8993-5C8A0D1BFEFC}.Release|Any CPU.Build.0 = Release|Any CPU
		{1E87167B-3C0E-4BA8-8B04-A98AC538A5CB}.Debug|Any CPU.ActiveCfg = Debug|Any CPU
		{1E87167B-3C0E-4BA8-8B04-A98AC538A5CB}.Debug|Any CPU.Build.0 = Debug|Any CPU
		{1E87167B-3C0E-4BA8-8B04-A98AC538A5CB}.Release|Any CPU.ActiveCfg = Release|Any CPU
		{1E87167B-3C0E-4BA8-8B04-A98AC538A5CB}.Release|Any CPU.Build.0 = Release|Any CPU
	EndGlobalSection
	GlobalSection(SolutionProperties) = preSolution
		HideSolutionNode = FALSE
	EndGlobalSection
	GlobalSection(ExtensibilityGlobals) = postSolution
		SolutionGuid = {2DA88B22-1A5A-470F-99BA-DC131129256B}
	EndGlobalSection
EndGlobal
